
Microsoft Visual Studio Solution File, Format Version 12.00
# Visual Studio Version 17
VisualStudioVersion = 17.0.31903.59
MinimumVisualStudioVersion = 10.0.40219.1
Project("{2150E333-8FDC-42A3-9474-1A3956D46DE8}") = "src", "src", "{0C450F2E-FBF3-4CB4-8598-DB1D64A34698}"
EndProject
Project("{FAE04EC0-301F-11D3-BF4B-00C04F79EFBC}") = "Np2ptpGui", "src\Np2ptpGui\Np2ptpGui.csproj", "{49426B9D-EED8-4486-AA1A-D63D8929EE59}"
EndProject
Project("{2150E333-8FDC-42A3-9474-1A3956D46DE8}") = "tests", "tests", "{63DDE94D-DA2C-43E8-BEEE-15095E111C60}"
EndProject
Project("{FAE04EC0-301F-11D3-BF4B-00C04F79EFBC}") = "Np2ptpGui.Tests", "tests\Np2ptpGui.Tests\Np2ptpGui.Tests.csproj", "{D36420D9-C15B-4D19-978F-77CE41A39E3F}"
EndProject
Project("{2150E333-8FDC-42A3-9474-1A3956D46DE8}") = "helpers", "helpers", "{312FCAAB-4008-4327-934C-FCC3AABF8EA3}"
EndProject
Project("{FAE04EC0-301F-11D3-BF4B-00C04F79EFBC}") = "CtrlSignalTestHelper", "tests\helpers\CtrlSignalTestHelper\CtrlSignalTestHelper.csproj", "{5230EFA0-E7F7-4948-B748-260F85928E22}"
EndProject
Global
	GlobalSection(SolutionConfigurationPlatforms) = preSolution
		Debug|Any CPU = Debug|Any CPU
		Release|Any CPU = Release|Any CPU
	EndGlobalSection
	GlobalSection(SolutionProperties) = preSolution
		HideSolutionNode = FALSE
	EndGlobalSection
	GlobalSection(ProjectConfigurationPlatforms) = postSolution
		{49426B9D-EED8-4486-AA1A-D63D8929EE59}.Debug|Any CPU.ActiveCfg = Debug|Any CPU
		{49426B9D-EED8-4486-AA1A-D63D8929EE59}.Debug|Any CPU.Build.0 = Debug|Any CPU
		{49426B9D-EED8-4486-AA1A-D63D8929EE59}.Release|Any CPU.ActiveCfg = Release|Any CPU
		{49426B9D-EED8-4486-AA1A-D63D8929EE59}.Release|Any CPU.Build.0 = Release|Any CPU
		{D36420D9-C15B-4D19-978F-77CE41A39E3F}.Debug|Any CPU.ActiveCfg = Debug|Any CPU
		{D36420D9-C15B-4D19-978F-77CE41A39E3F}.Debug|Any CPU.Build.0 = Debug|Any CPU
		{D36420D9-C15B-4D19-978F-77CE41A39E3F}.Release|Any CPU.ActiveCfg = Release|Any CPU
		{D36420D9-C15B-4D19-978F-77CE41A39E3F}.Release|Any CPU.Build.0 = Release|Any CPU
		{5230EFA0-E7F7-4948-B748-260F85928E22}.Debug|Any CPU.ActiveCfg = Debug|Any CPU
		{5230EFA0-E7F7-4948-B748-260F85928E22}.Debug|Any CPU.Build.0 = Debug|Any CPU
		{5230EFA0-E7F7-4948-B748-260F85928E22}.Release|Any CPU.ActiveCfg = Release|Any CPU
		{5230EFA0-E7F7-4948-B748-260F85928E22}.Release|Any CPU.Build.0 = Release|Any CPU
	EndGlobalSection
	GlobalSection(NestedProjects) = preSolution
		{49426B9D-EED8-4486-AA1A-D63D8929EE59} = {0C450F2E-FBF3-4CB4-8598-DB1D64A34698}
		{D36420D9-C15B-4D19-978F-77CE41A39E3F} = {63DDE94D-DA2C-43E8-BEEE-15095E111C60}
		{312FCAAB-4008-4327-934C-FCC3AABF8EA3} = {63DDE94D-DA2C-43E8-BEEE-15095E111C60}
		{5230EFA0-E7F7-4948-B748-260F85928E22} = {312FCAAB-4008-4327-934C-FCC3AABF8EA3}
	EndGlobalSection
EndGlobal
